
Microsoft Visual Studio Solution File, Format Version 12.00
# Visual Studio Version 16
VisualStudioVersion = 16.0.31229.75
MinimumVisualStudioVersion = 10.0.40219.1
Project("{9A19103F-16F7-4668-BE54-9A1E7A4F7556}") = "Algorithms", "Algorithms.csproj", "{A727C4D9-C04C-4019-97AC-5CC516C4AE42}"
EndProject
Global
	GlobalSection(SolutionConfigurationPlatforms) = preSolution
		Debug|Any CPU = Debug|Any CPU
		Release|Any CPU = Release|Any CPU
	EndGlobalSection
	GlobalSection(ProjectConfigurationPlatforms) = postSolution
		{A727C4D9-C04C-4019-97AC-5CC516C4AE42}.Debug|Any CPU.ActiveCfg = Debug|Any CPU
		{A727C4D9-C04C-4019-97AC-5CC516C4AE42}.Debug|Any CPU.Build.0 = Debug|Any CPU
		{A727C4D9-C04C-4019-97AC-5CC516C4AE42}.Release|Any CPU.ActiveCfg = Release|Any CPU
		{A727C4D9-C04C-4019-97AC-5CC516C4AE42}.Release|Any CPU.Build.0 = Release|Any CPU
	EndGlobalSection
	GlobalSection(SolutionProperties) = preSolution
		HideSolutionNode = FALSE
	EndGlobalSection
	GlobalSection(ExtensibilityGlobals) = postSolution
		SolutionGuid = {5D2F402B-D027-4C3D-9E03-BD696410E697}
	EndGlobalSection
EndGlobal
